
Microsoft Visual Studio Solution File, Format Version 12.00
# Visual Studio Version 16
VisualStudioVersion = 16.0.29403.142
MinimumVisualStudioVersion = 10.0.40219.1
Project("{FAE04EC0-301F-11D3-BF4B-00C04F79EFBC}") = "Events.Web", "Events.Web\Events.Web.csproj", "{3C211266-CA23-40AB-B879-6A3B3C551D83}"
EndProject
Project("{FAE04EC0-301F-11D3-BF4B-00C04F79EFBC}") = "Events.Data", "Events.Data\Events.Data.csproj", "{EFA64C06-4E13-4E43-92AC-711937600AC3}"
EndProject
Global
	GlobalSection(SolutionConfigurationPlatforms) = preSolution
		Debug|Any CPU = Debug|Any CPU
		Release|Any CPU = Release|Any CPU
	EndGlobalSection
	GlobalSection(ProjectConfigurationPlatforms) = postSolution
		{3C211266-CA23-40AB-B879-6A3B3C551D83}.Debug|Any CPU.ActiveCfg = Debug|Any CPU
		{3C211266-CA23-40AB-B879-6A3B3C551D83}.Debug|Any CPU.Build.0 = Debug|Any CPU
		{3C211266-CA23-40AB-B879-6A3B3C551D83}.Release|Any CPU.ActiveCfg = Release|Any CPU
		{3C211266-CA23-40AB-B879-6A3B3C551D83}.Release|Any CPU.Build.0 = Release|Any CPU
		{EFA64C06-4E13-4E43-92AC-711937600AC3}.Debug|Any CPU.ActiveCfg = Debug|Any CPU
		{EFA64C06-4E13-4E43-92AC-711937600AC3}.Debug|Any CPU.Build.0 = Debug|Any CPU
		{EFA64C06-4E13-4E43-92AC-711937600AC3}.Release|Any CPU.ActiveCfg = Release|Any CPU
		{EFA64C06-4E13-4E43-92AC-711937600AC3}.Release|Any CPU.Build.0 = Release|Any CPU
	EndGlobalSection
	GlobalSection(SolutionProperties) = preSolution
		HideSolutionNode = FALSE
	EndGlobalSection
	GlobalSection(ExtensibilityGlobals) = postSolution
		SolutionGuid = {B451D409-81AA-4382-B178-AD267C150832}
	EndGlobalSection
EndGlobal
